# THIS IS AN AUTOGENERATED FILE. DO NOT EDIT THIS FILE DIRECTLY.
# yarn lockfile v1


"@napi-rs/cli@^2.14.6":
  version "2.14.7"
  resolved "https://registry.yarnpkg.com/@napi-rs/cli/-/cli-2.14.7.tgz#5f998279eba2a69ecc168ee5b9e5b907cb8ea91a"
  integrity sha512-H+YCgdbBNMWn8c878C3RsRYcMxamWI7rB0H+1TqOy9n6u31isikcRyW1VDyoNHp7ApfmzV0+tpPopVi0W7WHAA==
